
Microsoft Visual Studio Solution File, Format Version 12.00
# Visual Studio 2013
VisualStudioVersion = 12.0.31101.0
MinimumVisualStudioVersion = 10.0.40219.1
Project("{FAE04EC0-301F-11D3-BF4B-00C04F79EFBC}") = "Abstract-Factory", "DesignPatternsSandbox\Abstract-Factory.csproj", "{FB27D6AF-4F9B-4202-B325-BB24EA738EDA}"
EndProject
Project("{FAE04EC0-301F-11D3-BF4B-00C04F79EFBC}") = "DesignPatterns.Test", "DesignPatterns.Test\DesignPatterns.Test.csproj", "{D0F90CB1-5521-48B3-A623-F96F68DDFCBF}"
EndProject
Project("{FAE04EC0-301F-11D3-BF4B-00C04F79EFBC}") = "Singleton", "Singleton\Singleton.csproj", "{2CBCEFF9-AAA8-44A4-88DA-127CD8BCE3F0}"
EndProject
Project("{FAE04EC0-301F-11D3-BF4B-00C04F79EFBC}") = "Prototype", "Prototype\Prototype.csproj", "{DCA0312D-BCAB-472D-ABE0-1572B73C3C31}"
EndProject
Project("{FAE04EC0-301F-11D3-BF4B-00C04F79EFBC}") = "Builder", "Builder\Builder.csproj", "{25CFB460-0D2B-4E2D-9AD0-D56A8B93269A}"
EndProject
Project("{2150E333-8FDC-42A3-9474-1A3956D46DE8}") = "Creational", "Creational", "{2F8D9031-1578-4C16-8D37-FEAF073CE7B5}"
EndProject
Project("{2150E333-8FDC-42A3-9474-1A3956D46DE8}") = "Behavioral", "Behavioral", "{9F981AF9-A374-4626-9D1A-CF8E4C8031B3}"
EndProject
Project("{2150E333-8FDC-42A3-9474-1A3956D46DE8}") = "Structural", "Structural", "{CFE58F47-5AD0-4148-960D-AE1AA079B56E}"
EndProject
Project("{2150E333-8FDC-42A3-9474-1A3956D46DE8}") = "Sandbox", "Sandbox", "{EC2CDDD4-A3D3-4296-B290-0404529ED985}"
EndProject
Project("{FAE04EC0-301F-11D3-BF4B-00C04F79EFBC}") = "Composite", "Composite\Composite.csproj", "{76C44F37-F3CE-4014-B87C-F1F3ACE55D8E}"
EndProject
Project("{FAE04EC0-301F-11D3-BF4B-00C04F79EFBC}") = "Decorator", "Decorator\Decorator.csproj", "{FE8ED06F-0773-46A4-9A8F-AFB052B2E01D}"
EndProject
Project("{FAE04EC0-301F-11D3-BF4B-00C04F79EFBC}") = "Facade", "Facade\Facade.csproj", "{2C546DC9-000A-4775-B9B1-2833D084CDF4}"
EndProject
Project("{FAE04EC0-301F-11D3-BF4B-00C04F79EFBC}") = "Proxy", "Proxy\Proxy.csproj", "{D2BAAB0A-D640-493C-AAE9-28671C4E74A5}"
EndProject
Project("{FAE04EC0-301F-11D3-BF4B-00C04F79EFBC}") = "Adapter", "Adapter\Adapter.csproj", "{63A188C2-2E6D-4C4C-A920-F85E6843878F}"
EndProject
Project("{FAE04EC0-301F-11D3-BF4B-00C04F79EFBC}") = "Bridge", "Bridge\Bridge.csproj", "{70FEF64C-1195-41B9-AE2A-C5F5BB7B6D94}"
EndProject
Project("{FAE04EC0-301F-11D3-BF4B-00C04F79EFBC}") = "Flyweight", "Flyweight\Flyweight.csproj", "{B8F7050D-1F5F-469F-A8C1-30EAE7255999}"
EndProject
Project("{FAE04EC0-301F-11D3-BF4B-00C04F79EFBC}") = "Chain-Of-Responsibility", "Chain-Of-Responsibility\Chain-Of-Responsibility.csproj", "{7163173E-2E3E-4ED9-87F3-FDB986B7BFF2}"
EndProject
Project("{FAE04EC0-301F-11D3-BF4B-00C04F79EFBC}") = "State", "State\State.csproj", "{352EAEF3-0AB7-479C-BACD-00668F2B35E9}"
EndProject
Project("{FAE04EC0-301F-11D3-BF4B-00C04F79EFBC}") = "Command", "Command\Command.csproj", "{AB50C246-A385-4A8B-A6E7-C54F83ACC2F5}"
EndProject
Project("{FAE04EC0-301F-11D3-BF4B-00C04F79EFBC}") = "Memento", "Memento\Memento.csproj", "{A49FA2D5-3A19-43DB-941B-9A9228D9057F}"
EndProject
Project("{FAE04EC0-301F-11D3-BF4B-00C04F79EFBC}") = "Iterator", "Iterator\Iterator.csproj", "{D56C61BE-007A-4ADD-9F55-87D9BDF91973}"
EndProject
Project("{FAE04EC0-301F-11D3-BF4B-00C04F79EFBC}") = "Interpreter", "Interpreter\Interpreter.csproj", "{F2226BFF-9FBD-4D8F-9BE0-78283C8A1D17}"
EndProject
Project("{FAE04EC0-301F-11D3-BF4B-00C04F79EFBC}") = "Null Object", "Null Object\Null Object.csproj", "{E976DCB1-4BD6-41F1-AAA3-61D2D93B76B0}"
EndProject
Project("{FAE04EC0-301F-11D3-BF4B-00C04F79EFBC}") = "Observer", "Observer\Observer.csproj", "{B6E0559B-5DBE-4CC7-85A7-848826775857}"
EndProject
Project("{FAE04EC0-301F-11D3-BF4B-00C04F79EFBC}") = "Strategy", "Strategy\Strategy.csproj", "{2D4BCD6E-2EE3-422A-9F62-E45B7395DA47}"
EndProject
Project("{FAE04EC0-301F-11D3-BF4B-00C04F79EFBC}") = "Mediator", "Mediator\Mediator.csproj", "{3A30C88F-8317-4502-BEFD-FC7EABDAC11B}"
EndProject
Project("{FAE04EC0-301F-11D3-BF4B-00C04F79EFBC}") = "Template", "Template\Template.csproj", "{0DEF683C-6DB7-4A53-913E-F9FE9BB01D3D}"
EndProject
Project("{FAE04EC0-301F-11D3-BF4B-00C04F79EFBC}") = "Visitor", "Visitor\Visitor.csproj", "{35324BC3-76F4-444C-889B-D62E8E6543D3}"
EndProject
Global
	GlobalSection(SolutionConfigurationPlatforms) = preSolution
		Debug|Any CPU = Debug|Any CPU
		Release|Any CPU = Release|Any CPU
	EndGlobalSection
	GlobalSection(ProjectConfigurationPlatforms) = postSolution
		{FB27D6AF-4F9B-4202-B325-BB24EA738EDA}.Debug|Any CPU.ActiveCfg = Debug|Any CPU
		{FB27D6AF-4F9B-4202-B325-BB24EA738EDA}.Debug|Any CPU.Build.0 = Debug|Any CPU
		{FB27D6AF-4F9B-4202-B325-BB24EA738EDA}.Release|Any CPU.ActiveCfg = Release|Any CPU
		{FB27D6AF-4F9B-4202-B325-BB24EA738EDA}.Release|Any CPU.Build.0 = Release|Any CPU
		{D0F90CB1-5521-48B3-A623-F96F68DDFCBF}.Debug|Any CPU.ActiveCfg = Debug|Any CPU
		{D0F90CB1-5521-48B3-A623-F96F68DDFCBF}.Debug|Any CPU.Build.0 = Debug|Any CPU
		{D0F90CB1-5521-48B3-A623-F96F68DDFCBF}.Release|Any CPU.ActiveCfg = Release|Any CPU
		{D0F90CB1-5521-48B3-A623-F96F68DDFCBF}.Release|Any CPU.Build.0 = Release|Any CPU
		{2CBCEFF9-AAA8-44A4-88DA-127CD8BCE3F0}.Debug|Any CPU.ActiveCfg = Debug|Any CPU
		{2CBCEFF9-AAA8-44A4-88DA-127CD8BCE3F0}.Debug|Any CPU.Build.0 = Debug|Any CPU
		{2CBCEFF9-AAA8-44A4-88DA-127CD8BCE3F0}.Release|Any CPU.ActiveCfg = Release|Any CPU
		{2CBCEFF9-AAA8-44A4-88DA-127CD8BCE3F0}.Release|Any CPU.Build.0 = Release|Any CPU
		{DCA0312D-BCAB-472D-ABE0-1572B73C3C31}.Debug|Any CPU.ActiveCfg = Debug|Any CPU
		{DCA0312D-BCAB-472D-ABE0-1572B73C3C31}.Debug|Any CPU.Build.0 = Debug|Any CPU
		{DCA0312D-BCAB-472D-ABE0-1572B73C3C31}.Release|Any CPU.ActiveCfg = Release|Any CPU
		{DCA0312D-BCAB-472D-ABE0-1572B73C3C31}.Release|Any CPU.Build.0 = Release|Any CPU
		{25CFB460-0D2B-4E2D-9AD0-D56A8B93269A}.Debug|Any CPU.ActiveCfg = Debug|Any CPU
		{25CFB460-0D2B-4E2D-9AD0-D56A8B93269A}.Debug|Any CPU.Build.0 = Debug|Any CPU
		{25CFB460-0D2B-4E2D-9AD0-D56A8B93269A}.Release|Any CPU.ActiveCfg = Release|Any CPU
		{25CFB460-0D2B-4E2D-9AD0-D56A8B93269A}.Release|Any CPU.Build.0 = Release|Any CPU
		{76C44F37-F3CE-4014-B87C-F1F3ACE55D8E}.Debug|Any CPU.ActiveCfg = Debug|Any CPU
		{76C44F37-F3CE-4014-B87C-F1F3ACE55D8E}.Debug|Any CPU.Build.0 = Debug|Any CPU
		{76C44F37-F3CE-4014-B87C-F1F3ACE55D8E}.Release|Any CPU.ActiveCfg = Release|Any CPU
		{76C44F37-F3CE-4014-B87C-F1F3ACE55D8E}.Release|Any CPU.Build.0 = Release|Any CPU
		{FE8ED06F-0773-46A4-9A8F-AFB052B2E01D}.Debug|Any CPU.ActiveCfg = Debug|Any CPU
		{FE8ED06F-0773-46A4-9A8F-AFB052B2E01D}.Debug|Any CPU.Build.0 = Debug|Any CPU
		{FE8ED06F-0773-46A4-9A8F-AFB052B2E01D}.Release|Any CPU.ActiveCfg = Release|Any CPU
		{FE8ED06F-0773-46A4-9A8F-AFB052B2E01D}.Release|Any CPU.Build.0 = Release|Any CPU
		{2C546DC9-000A-4775-B9B1-2833D084CDF4}.Debug|Any CPU.ActiveCfg = Debug|Any CPU
		{2C546DC9-000A-4775-B9B1-2833D084CDF4}.Debug|Any CPU.Build.0 = Debug|Any CPU
		{2C546DC9-000A-4775-B9B1-2833D084CDF4}.Release|Any CPU.ActiveCfg = Release|Any CPU
		{2C546DC9-000A-4775-B9B1-2833D084CDF4}.Release|Any CPU.Build.0 = Release|Any CPU
		{D2BAAB0A-D640-493C-AAE9-28671C4E74A5}.Debug|Any CPU.ActiveCfg = Debug|Any CPU
		{D2BAAB0A-D640-493C-AAE9-28671C4E74A5}.Debug|Any CPU.Build.0 = Debug|Any CPU
		{D2BAAB0A-D640-493C-AAE9-28671C4E74A5}.Release|Any CPU.ActiveCfg = Release|Any CPU
		{D2BAAB0A-D640-493C-AAE9-28671C4E74A5}.Release|Any CPU.Build.0 = Release|Any CPU
		{63A188C2-2E6D-4C4C-A920-F85E6843878F}.Debug|Any CPU.ActiveCfg = Debug|Any CPU
		{63A188C2-2E6D-4C4C-A920-F85E6843878F}.Debug|Any CPU.Build.0 = Debug|Any CPU
		{63A188C2-2E6D-4C4C-A920-F85E6843878F}.Release|Any CPU.ActiveCfg = Release|Any CPU
		{63A188C2-2E6D-4C4C-A920-F85E6843878F}.Release|Any CPU.Build.0 = Release|Any CPU
		{70FEF64C-1195-41B9-AE2A-C5F5BB7B6D94}.Debug|Any CPU.ActiveCfg = Debug|Any CPU
		{70FEF64C-1195-41B9-AE2A-C5F5BB7B6D94}.Debug|Any CPU.Build.0 = Debug|Any CPU
		{70FEF64C-1195-41B9-AE2A-C5F5BB7B6D94}.Release|Any CPU.ActiveCfg = Release|Any CPU
		{70FEF64C-1195-41B9-AE2A-C5F5BB7B6D94}.Release|Any CPU.Build.0 = Release|Any CPU
		{B8F7050D-1F5F-469F-A8C1-30EAE7255999}.Debug|Any CPU.ActiveCfg = Debug|Any CPU
		{B8F7050D-1F5F-469F-A8C1-30EAE7255999}.Debug|Any CPU.Build.0 = Debug|Any CPU
		{B8F7050D-1F5F-469F-A8C1-30EAE7255999}.Release|Any CPU.ActiveCfg = Release|Any CPU
		{B8F7050D-1F5F-469F-A8C1-30EAE7255999}.Release|Any CPU.Build.0 = Release|Any CPU
		{7163173E-2E3E-4ED9-87F3-FDB986B7BFF2}.Debug|Any CPU.ActiveCfg = Debug|Any CPU
		{7163173E-2E3E-4ED9-87F3-FDB986B7BFF2}.Debug|Any CPU.Build.0 = Debug|Any CPU
		{7163173E-2E3E-4ED9-87F3-FDB986B7BFF2}.Release|Any CPU.ActiveCfg = Release|Any CPU
		{7163173E-2E3E-4ED9-87F3-FDB986B7BFF2}.Release|Any CPU.Build.0 = Release|Any CPU
		{352EAEF3-0AB7-479C-BACD-00668F2B35E9}.Debug|Any CPU.ActiveCfg = Debug|Any CPU
		{352EAEF3-0AB7-479C-BACD-00668F2B35E9}.Debug|Any CPU.Build.0 = Debug|Any CPU
		{352EAEF3-0AB7-479C-BACD-00668F2B35E9}.Release|Any CPU.ActiveCfg = Release|Any CPU
		{352EAEF3-0AB7-479C-BACD-00668F2B35E9}.Release|Any CPU.Build.0 = Release|Any CPU
		{AB50C246-A385-4A8B-A6E7-C54F83ACC2F5}.Debug|Any CPU.ActiveCfg = Debug|Any CPU
		{AB50C246-A385-4A8B-A6E7-C54F83ACC2F5}.Debug|Any CPU.Build.0 = Debug|Any CPU
		{AB50C246-A385-4A8B-A6E7-C54F83ACC2F5}.Release|Any CPU.ActiveCfg = Release|Any CPU
		{AB50C246-A385-4A8B-A6E7-C54F83ACC2F5}.Release|Any CPU.Build.0 = Release|Any CPU
		{A49FA2D5-3A19-43DB-941B-9A9228D9057F}.Debug|Any CPU.ActiveCfg = Debug|Any CPU
		{A49FA2D5-3A19-43DB-941B-9A9228D9057F}.Debug|Any CPU.Build.0 = Debug|Any CPU
		{A49FA2D5-3A19-43DB-941B-9A9228D9057F}.Release|Any CPU.ActiveCfg = Release|Any CPU
		{A49FA2D5-3A19-43DB-941B-9A9228D9057F}.Release|Any CPU.Build.0 = Release|Any CPU
		{D56C61BE-007A-4ADD-9F55-87D9BDF91973}.Debug|Any CPU.ActiveCfg = Debug|Any CPU
		{D56C61BE-007A-4ADD-9F55-87D9BDF91973}.Debug|Any CPU.Build.0 = Debug|Any CPU
		{D56C61BE-007A-4ADD-9F55-87D9BDF91973}.Release|Any CPU.ActiveCfg = Release|Any CPU
		{D56C61BE-007A-4ADD-9F55-87D9BDF91973}.Release|Any CPU.Build.0 = Release|Any CPU
		{F2226BFF-9FBD-4D8F-9BE0-78283C8A1D17}.Debug|Any CPU.ActiveCfg = Debug|Any CPU
		{F2226BFF-9FBD-4D8F-9BE0-78283C8A1D17}.Debug|Any CPU.Build.0 = Debug|Any CPU
		{F2226BFF-9FBD-4D8F-9BE0-78283C8A1D17}.Release|Any CPU.ActiveCfg = Release|Any CPU
		{F2226BFF-9FBD-4D8F-9BE0-78283C8A1D17}.Release|Any CPU.Build.0 = Release|Any CPU
		{E976DCB1-4BD6-41F1-AAA3-61D2D93B76B0}.Debug|Any CPU.ActiveCfg = Debug|Any CPU
		{E976DCB1-4BD6-41F1-AAA3-61D2D93B76B0}.Debug|Any CPU.Build.0 = Debug|Any CPU
		{E976DCB1-4BD6-41F1-AAA3-61D2D93B76B0}.Release|Any CPU.ActiveCfg = Release|Any CPU
		{E976DCB1-4BD6-41F1-AAA3-61D2D93B76B0}.Release|Any CPU.Build.0 = Release|Any CPU
		{B6E0559B-5DBE-4CC7-85A7-848826775857}.Debug|Any CPU.ActiveCfg = Debug|Any CPU
		{B6E0559B-5DBE-4CC7-85A7-848826775857}.Debug|Any CPU.Build.0 = Debug|Any CPU
		{B6E0559B-5DBE-4CC7-85A7-848826775857}.Release|Any CPU.ActiveCfg = Release|Any CPU
		{B6E0559B-5DBE-4CC7-85A7-848826775857}.Release|Any CPU.Build.0 = Release|Any CPU
		{2D4BCD6E-2EE3-422A-9F62-E45B7395DA47}.Debug|Any CPU.ActiveCfg = Debug|Any CPU
		{2D4BCD6E-2EE3-422A-9F62-E45B7395DA47}.Debug|Any CPU.Build.0 = Debug|Any CPU
		{2D4BCD6E-2EE3-422A-9F62-E45B7395DA47}.Release|Any CPU.ActiveCfg = Release|Any CPU
		{2D4BCD6E-2EE3-422A-9F62-E45B7395DA47}.Release|Any CPU.Build.0 = Release|Any CPU
		{3A30C88F-8317-4502-BEFD-FC7EABDAC11B}.Debug|Any CPU.ActiveCfg = Debug|Any CPU
		{3A30C88F-8317-4502-BEFD-FC7EABDAC11B}.Debug|Any CPU.Build.0 = Debug|Any CPU
		{3A30C88F-8317-4502-BEFD-FC7EABDAC11B}.Release|Any CPU.ActiveCfg = Release|Any CPU
		{3A30C88F-8317-4502-BEFD-FC7EABDAC11B}.Release|Any CPU.Build.0 = Release|Any CPU
		{0DEF683C-6DB7-4A53-913E-F9FE9BB01D3D}.Debug|Any CPU.ActiveCfg = Debug|Any CPU
		{0DEF683C-6DB7-4A53-913E-F9FE9BB01D3D}.Debug|Any CPU.Build.0 = Debug|Any CPU
		{0DEF683C-6DB7-4A53-913E-F9FE9BB01D3D}.Release|Any CPU.ActiveCfg = Release|Any CPU
		{0DEF683C-6DB7-4A53-913E-F9FE9BB01D3D}.Release|Any CPU.Build.0 = Release|Any CPU
		{35324BC3-76F4-444C-889B-D62E8E6543D3}.Debug|Any CPU.ActiveCfg = Debug|Any CPU
		{35324BC3-76F4-444C-889B-D62E8E6543D3}.Debug|Any CPU.Build.0 = Debug|Any CPU
		{35324BC3-76F4-444C-889B-D62E8E6543D3}.Release|Any CPU.ActiveCfg = Release|Any CPU
		{35324BC3-76F4-444C-889B-D62E8E6543D3}.Release|Any CPU.Build.0 = Release|Any CPU
	EndGlobalSection
	GlobalSection(SolutionProperties) = preSolution
		HideSolutionNode = FALSE
	EndGlobalSection
	GlobalSection(NestedProjects) = preSolution
		{FB27D6AF-4F9B-4202-B325-BB24EA738EDA} = {2F8D9031-1578-4C16-8D37-FEAF073CE7B5}
		{2CBCEFF9-AAA8-44A4-88DA-127CD8BCE3F0} = {2F8D9031-1578-4C16-8D37-FEAF073CE7B5}
		{DCA0312D-BCAB-472D-ABE0-1572B73C3C31} = {2F8D9031-1578-4C16-8D37-FEAF073CE7B5}
		{25CFB460-0D2B-4E2D-9AD0-D56A8B93269A} = {2F8D9031-1578-4C16-8D37-FEAF073CE7B5}
		{76C44F37-F3CE-4014-B87C-F1F3ACE55D8E} = {CFE58F47-5AD0-4148-960D-AE1AA079B56E}
		{FE8ED06F-0773-46A4-9A8F-AFB052B2E01D} = {CFE58F47-5AD0-4148-960D-AE1AA079B56E}
		{2C546DC9-000A-4775-B9B1-2833D084CDF4} = {CFE58F47-5AD0-4148-960D-AE1AA079B56E}
		{D2BAAB0A-D640-493C-AAE9-28671C4E74A5} = {CFE58F47-5AD0-4148-960D-AE1AA079B56E}
		{63A188C2-2E6D-4C4C-A920-F85E6843878F} = {CFE58F47-5AD0-4148-960D-AE1AA079B56E}
		{70FEF64C-1195-41B9-AE2A-C5F5BB7B6D94} = {CFE58F47-5AD0-4148-960D-AE1AA079B56E}
		{B8F7050D-1F5F-469F-A8C1-30EAE7255999} = {CFE58F47-5AD0-4148-960D-AE1AA079B56E}
		{7163173E-2E3E-4ED9-87F3-FDB986B7BFF2} = {9F981AF9-A374-4626-9D1A-CF8E4C8031B3}
		{352EAEF3-0AB7-479C-BACD-00668F2B35E9} = {9F981AF9-A374-4626-9D1A-CF8E4C8031B3}
		{AB50C246-A385-4A8B-A6E7-C54F83ACC2F5} = {9F981AF9-A374-4626-9D1A-CF8E4C8031B3}
		{A49FA2D5-3A19-43DB-941B-9A9228D9057F} = {9F981AF9-A374-4626-9D1A-CF8E4C8031B3}
		{D56C61BE-007A-4ADD-9F55-87D9BDF91973} = {9F981AF9-A374-4626-9D1A-CF8E4C8031B3}
		{F2226BFF-9FBD-4D8F-9BE0-78283C8A1D17} = {9F981AF9-A374-4626-9D1A-CF8E4C8031B3}
		{E976DCB1-4BD6-41F1-AAA3-61D2D93B76B0} = {9F981AF9-A374-4626-9D1A-CF8E4C8031B3}
		{B6E0559B-5DBE-4CC7-85A7-848826775857} = {9F981AF9-A374-4626-9D1A-CF8E4C8031B3}
		{2D4BCD6E-2EE3-422A-9F62-E45B7395DA47} = {9F981AF9-A374-4626-9D1A-CF8E4C8031B3}
		{3A30C88F-8317-4502-BEFD-FC7EABDAC11B} = {9F981AF9-A374-4626-9D1A-CF8E4C8031B3}
		{0DEF683C-6DB7-4A53-913E-F9FE9BB01D3D} = {9F981AF9-A374-4626-9D1A-CF8E4C8031B3}
		{35324BC3-76F4-444C-889B-D62E8E6543D3} = {9F981AF9-A374-4626-9D1A-CF8E4C8031B3}
	EndGlobalSection
EndGlobal
