
Microsoft Visual Studio Solution File, Format Version 12.00
# Visual Studio 2013
VisualStudioVersion = 12.0.31101.0
MinimumVisualStudioVersion = 10.0.40219.1
Project("{FAE04EC0-301F-11D3-BF4B-00C04F79EFBC}") = "Abstract-Factory", "DesignPatternsSandbox\Abstract-Factory.csproj", "{FB27D6AF-4F9B-4202-B325-BB24EA738EDA}"
EndProject
Project("{FAE04EC0-301F-11D3-BF4B-00C04F79EFBC}") = "DesignPatterns.Test", "DesignPatterns.Test\DesignPatterns.Test.csproj", "{D0F90CB1-5521-48B3-A623-F96F68DDFCBF}"
EndProject
Project("{FAE04EC0-301F-11D3-BF4B-00C04F79EFBC}") = "Singleton", "Singleton\Singleton.csproj", "{2CBCEFF9-AAA8-44A4-88DA-127CD8BCE3F0}"
EndProject
Project("{FAE04EC0-301F-11D3-BF4B-00C04F79EFBC}") = "Prototype", "Prototype\Prototype.csproj", "{DCA0312D-BCAB-472D-ABE0-1572B73C3C31}"
EndProject
Project("{FAE04EC0-301F-11D3-BF4B-00C04F79EFBC}") = "Builder", "Builder\Builder.csproj", "{25CFB460-0D2B-4E2D-9AD0-D56A8B93269A}"
EndProject
Project("{2150E333-8FDC-42A3-9474-1A3956D46DE8}") = "Creational", "Creational", "{2F8D9031-1578-4C16-8D37-FEAF073CE7B5}"
EndProject
Project("{2150E333-8FDC-42A3-9474-1A3956D46DE8}") = "Behavioral", "Behavioral", "{9F981AF9-A374-4626-9D1A-CF8E4C8031B3}"
EndProject
Project("{2150E333-8FDC-42A3-9474-1A3956D46DE8}") = "Structural", "Structural", "{CFE58F47-5AD0-4148-960D-AE1AA079B56E}"
EndProject
Project("{2150E333-8FDC-42A3-9474-1A3956D46DE8}") = "Sandbox", "Sandbox", "{EC2CDDD4-A3D3-4296-B290-0404529ED985}"
EndProject
Project("{FAE04EC0-301F-11D3-BF4B-00C04F79EFBC}") = "Composite", "Composite\Composite.csproj", "{76C44F37-F3CE-4014-B87C-F1F3ACE55D8E}"
EndProject
Project("{FAE04EC0-301F-11D3-BF4B-00C04F79EFBC}") = "Decorator", "Decorator\Decorator.csproj", "{FE8ED06F-0773-46A4-9A8F-AFB052B2E01D}"
EndProject
Project("{FAE04EC0-301F-11D3-BF4B-00C04F79EFBC}") = "Facade", "Facade\Facade.csproj", "{2C546DC9-000A-4775-B9B1-2833D084CDF4}"
EndProject
Project("{FAE04EC0-301F-11D3-BF4B-00C04F79EFBC}") = "Proxy", "Proxy\Proxy.csproj", "{D2BAAB0A-D640-493C-AAE9-28671C4E74A5}"
EndProject
Project("{FAE04EC0-301F-11D3-BF4B-00C04F79EFBC}") = "Adapter", "Adapter\Adapter.csproj", "{63A188C2-2E6D-4C4C-A920-F85E6843878F}"
EndProject
Global
	GlobalSection(SolutionConfigurationPlatforms) = preSolution
		Debug|Any CPU = Debug|Any CPU
		Release|Any CPU = Release|Any CPU
	EndGlobalSection
	GlobalSection(ProjectConfigurationPlatforms) = postSolution
		{FB27D6AF-4F9B-4202-B325-BB24EA738EDA}.Debug|Any CPU.ActiveCfg = Debug|Any CPU
		{FB27D6AF-4F9B-4202-B325-BB24EA738EDA}.Debug|Any CPU.Build.0 = Debug|Any CPU
		{FB27D6AF-4F9B-4202-B325-BB24EA738EDA}.Release|Any CPU.ActiveCfg = Release|Any CPU
		{FB27D6AF-4F9B-4202-B325-BB24EA738EDA}.Release|Any CPU.Build.0 = Release|Any CPU
		{D0F90CB1-5521-48B3-A623-F96F68DDFCBF}.Debug|Any CPU.ActiveCfg = Debug|Any CPU
		{D0F90CB1-5521-48B3-A623-F96F68DDFCBF}.Debug|Any CPU.Build.0 = Debug|Any CPU
		{D0F90CB1-5521-48B3-A623-F96F68DDFCBF}.Release|Any CPU.ActiveCfg = Release|Any CPU
		{D0F90CB1-5521-48B3-A623-F96F68DDFCBF}.Release|Any CPU.Build.0 = Release|Any CPU
		{2CBCEFF9-AAA8-44A4-88DA-127CD8BCE3F0}.Debug|Any CPU.ActiveCfg = Debug|Any CPU
		{2CBCEFF9-AAA8-44A4-88DA-127CD8BCE3F0}.Debug|Any CPU.Build.0 = Debug|Any CPU
		{2CBCEFF9-AAA8-44A4-88DA-127CD8BCE3F0}.Release|Any CPU.ActiveCfg = Release|Any CPU
		{2CBCEFF9-AAA8-44A4-88DA-127CD8BCE3F0}.Release|Any CPU.Build.0 = Release|Any CPU
		{DCA0312D-BCAB-472D-ABE0-1572B73C3C31}.Debug|Any CPU.ActiveCfg = Debug|Any CPU
		{DCA0312D-BCAB-472D-ABE0-1572B73C3C31}.Debug|Any CPU.Build.0 = Debug|Any CPU
		{DCA0312D-BCAB-472D-ABE0-1572B73C3C31}.Release|Any CPU.ActiveCfg = Release|Any CPU
		{DCA0312D-BCAB-472D-ABE0-1572B73C3C31}.Release|Any CPU.Build.0 = Release|Any CPU
		{25CFB460-0D2B-4E2D-9AD0-D56A8B93269A}.Debug|Any CPU.ActiveCfg = Debug|Any CPU
		{25CFB460-0D2B-4E2D-9AD0-D56A8B93269A}.Debug|Any CPU.Build.0 = Debug|Any CPU
		{25CFB460-0D2B-4E2D-9AD0-D56A8B93269A}.Release|Any CPU.ActiveCfg = Release|Any CPU
		{25CFB460-0D2B-4E2D-9AD0-D56A8B93269A}.Release|Any CPU.Build.0 = Release|Any CPU
		{76C44F37-F3CE-4014-B87C-F1F3ACE55D8E}.Debug|Any CPU.ActiveCfg = Debug|Any CPU
		{76C44F37-F3CE-4014-B87C-F1F3ACE55D8E}.Debug|Any CPU.Build.0 = Debug|Any CPU
		{76C44F37-F3CE-4014-B87C-F1F3ACE55D8E}.Release|Any CPU.ActiveCfg = Release|Any CPU
		{76C44F37-F3CE-4014-B87C-F1F3ACE55D8E}.Release|Any CPU.Build.0 = Release|Any CPU
		{FE8ED06F-0773-46A4-9A8F-AFB052B2E01D}.Debug|Any CPU.ActiveCfg = Debug|Any CPU
		{FE8ED06F-0773-46A4-9A8F-AFB052B2E01D}.Debug|Any CPU.Build.0 = Debug|Any CPU
		{FE8ED06F-0773-46A4-9A8F-AFB052B2E01D}.Release|Any CPU.ActiveCfg = Release|Any CPU
		{FE8ED06F-0773-46A4-9A8F-AFB052B2E01D}.Release|Any CPU.Build.0 = Release|Any CPU
		{2C546DC9-000A-4775-B9B1-2833D084CDF4}.Debug|Any CPU.ActiveCfg = Debug|Any CPU
		{2C546DC9-000A-4775-B9B1-2833D084CDF4}.Debug|Any CPU.Build.0 = Debug|Any CPU
		{2C546DC9-000A-4775-B9B1-2833D084CDF4}.Release|Any CPU.ActiveCfg = Release|Any CPU
		{2C546DC9-000A-4775-B9B1-2833D084CDF4}.Release|Any CPU.Build.0 = Release|Any CPU
		{D2BAAB0A-D640-493C-AAE9-28671C4E74A5}.Debug|Any CPU.ActiveCfg = Debug|Any CPU
		{D2BAAB0A-D640-493C-AAE9-28671C4E74A5}.Debug|Any CPU.Build.0 = Debug|Any CPU
		{D2BAAB0A-D640-493C-AAE9-28671C4E74A5}.Release|Any CPU.ActiveCfg = Release|Any CPU
		{D2BAAB0A-D640-493C-AAE9-28671C4E74A5}.Release|Any CPU.Build.0 = Release|Any CPU
		{63A188C2-2E6D-4C4C-A920-F85E6843878F}.Debug|Any CPU.ActiveCfg = Debug|Any CPU
		{63A188C2-2E6D-4C4C-A920-F85E6843878F}.Debug|Any CPU.Build.0 = Debug|Any CPU
		{63A188C2-2E6D-4C4C-A920-F85E6843878F}.Release|Any CPU.ActiveCfg = Release|Any CPU
		{63A188C2-2E6D-4C4C-A920-F85E6843878F}.Release|Any CPU.Build.0 = Release|Any CPU
	EndGlobalSection
	GlobalSection(SolutionProperties) = preSolution
		HideSolutionNode = FALSE
	EndGlobalSection
	GlobalSection(NestedProjects) = preSolution
		{FB27D6AF-4F9B-4202-B325-BB24EA738EDA} = {2F8D9031-1578-4C16-8D37-FEAF073CE7B5}
		{2CBCEFF9-AAA8-44A4-88DA-127CD8BCE3F0} = {2F8D9031-1578-4C16-8D37-FEAF073CE7B5}
		{DCA0312D-BCAB-472D-ABE0-1572B73C3C31} = {2F8D9031-1578-4C16-8D37-FEAF073CE7B5}
		{25CFB460-0D2B-4E2D-9AD0-D56A8B93269A} = {2F8D9031-1578-4C16-8D37-FEAF073CE7B5}
		{76C44F37-F3CE-4014-B87C-F1F3ACE55D8E} = {CFE58F47-5AD0-4148-960D-AE1AA079B56E}
		{FE8ED06F-0773-46A4-9A8F-AFB052B2E01D} = {CFE58F47-5AD0-4148-960D-AE1AA079B56E}
		{2C546DC9-000A-4775-B9B1-2833D084CDF4} = {CFE58F47-5AD0-4148-960D-AE1AA079B56E}
		{D2BAAB0A-D640-493C-AAE9-28671C4E74A5} = {CFE58F47-5AD0-4148-960D-AE1AA079B56E}
		{63A188C2-2E6D-4C4C-A920-F85E6843878F} = {CFE58F47-5AD0-4148-960D-AE1AA079B56E}
	EndGlobalSection
EndGlobal
